
Microsoft Visual Studio Solution File, Format Version 12.00
# Visual Studio 15
VisualStudioVersion = 15.0.28307.1300
MinimumVisualStudioVersion = 10.0.40219.1
Project("{FAE04EC0-301F-11D3-BF4B-00C04F79EFBC}") = "ContactForm.Web", "ContactForm\ContactForm.Web.csproj", "{A7735B23-26F0-4926-BC04-4C47921E4566}"
EndProject
Project("{FAE04EC0-301F-11D3-BF4B-00C04F79EFBC}") = "ContactForm.Data", "ContactForm.Data\ContactForm.Data.csproj", "{0CF80B47-FCBA-4994-AF0F-995B03EF0B17}"
EndProject
Project("{FAE04EC0-301F-11D3-BF4B-00C04F79EFBC}") = "ContactForm.Entities", "ContactForm.Entities\ContactForm.Entities.csproj", "{97522AB9-576C-4D69-9DF5-142CB78F1667}"
EndProject
Global
	GlobalSection(SolutionConfigurationPlatforms) = preSolution
		Debug|Any CPU = Debug|Any CPU
		Release|Any CPU = Release|Any CPU
	EndGlobalSection
	GlobalSection(ProjectConfigurationPlatforms) = postSolution
		{A7735B23-26F0-4926-BC04-4C47921E4566}.Debug|Any CPU.ActiveCfg = Debug|Any CPU
		{A7735B23-26F0-4926-BC04-4C47921E4566}.Debug|Any CPU.Build.0 = Debug|Any CPU
		{A7735B23-26F0-4926-BC04-4C47921E4566}.Release|Any CPU.ActiveCfg = Release|Any CPU
		{A7735B23-26F0-4926-BC04-4C47921E4566}.Release|Any CPU.Build.0 = Release|Any CPU
		{0CF80B47-FCBA-4994-AF0F-995B03EF0B17}.Debug|Any CPU.ActiveCfg = Debug|Any CPU
		{0CF80B47-FCBA-4994-AF0F-995B03EF0B17}.Debug|Any CPU.Build.0 = Debug|Any CPU
		{0CF80B47-FCBA-4994-AF0F-995B03EF0B17}.Release|Any CPU.ActiveCfg = Release|Any CPU
		{0CF80B47-FCBA-4994-AF0F-995B03EF0B17}.Release|Any CPU.Build.0 = Release|Any CPU
		{97522AB9-576C-4D69-9DF5-142CB78F1667}.Debug|Any CPU.ActiveCfg = Debug|Any CPU
		{97522AB9-576C-4D69-9DF5-142CB78F1667}.Debug|Any CPU.Build.0 = Debug|Any CPU
		{97522AB9-576C-4D69-9DF5-142CB78F1667}.Release|Any CPU.ActiveCfg = Release|Any CPU
		{97522AB9-576C-4D69-9DF5-142CB78F1667}.Release|Any CPU.Build.0 = Release|Any CPU
	EndGlobalSection
	GlobalSection(SolutionProperties) = preSolution
		HideSolutionNode = FALSE
	EndGlobalSection
	GlobalSection(ExtensibilityGlobals) = postSolution
		SolutionGuid = {E500B19D-1E21-4C5D-BDFA-06EC29012A59}
	EndGlobalSection
EndGlobal
